
Microsoft Visual Studio Solution File, Format Version 12.00
# Visual Studio Version 17
VisualStudioVersion = 17.9.34728.123
MinimumVisualStudioVersion = 10.0.40219.1
Project("{FAE04EC0-301F-11D3-BF4B-00C04F79EFBC}") = "MineRCON.NET", "MineRCON.NET.csproj", "{4852AAF5-51E6-402A-9169-9EBA796884CE}"
EndProject
Global
	GlobalSection(SolutionConfigurationPlatforms) = preSolution
		Debug|Any CPU = Debug|Any CPU
		Release|Any CPU = Release|Any CPU
	EndGlobalSection
	GlobalSection(ProjectConfigurationPlatforms) = postSolution
		{4852AAF5-51E6-402A-9169-9EBA796884CE}.Debug|Any CPU.ActiveCfg = Debug|Any CPU
		{4852AAF5-51E6-402A-9169-9EBA796884CE}.Debug|Any CPU.Build.0 = Debug|Any CPU
		{4852AAF5-51E6-402A-9169-9EBA796884CE}.Release|Any CPU.ActiveCfg = Release|Any CPU
		{4852AAF5-51E6-402A-9169-9EBA796884CE}.Release|Any CPU.Build.0 = Release|Any CPU
	EndGlobalSection
	GlobalSection(SolutionProperties) = preSolution
		HideSolutionNode = FALSE
	EndGlobalSection
	GlobalSection(ExtensibilityGlobals) = postSolution
		SolutionGuid = {33DBAA0F-18FF-41ED-AA9D-CB3B568FF493}
	EndGlobalSection
EndGlobal
